
Microsoft Visual Studio Solution File, Format Version 12.00
# Visual Studio Version 17
VisualStudioVersion = 17.7.34221.43
MinimumVisualStudioVersion = 10.0.40219.1
Project("{8BC9CEB8-8B4A-11D0-8D11-00A0C91BC942}") = "DZ", "DZ.vcxproj", "{FE23ED35-2687-4C6B-916E-FDEB69CA118E}"
EndProject
Global
	GlobalSection(SolutionConfigurationPlatforms) = preSolution
		Debug|x64 = Debug|x64
		Debug|x86 = Debug|x86
		Release|x64 = Release|x64
		Release|x86 = Release|x86
	EndGlobalSection
	GlobalSection(ProjectConfigurationPlatforms) = postSolution
		{FE23ED35-2687-4C6B-916E-FDEB69CA118E}.Debug|x64.ActiveCfg = Debug|x64
		{FE23ED35-2687-4C6B-916E-FDEB69CA118E}.Debug|x64.Build.0 = Debug|x64
		{FE23ED35-2687-4C6B-916E-FDEB69CA118E}.Debug|x86.ActiveCfg = Debug|Win32
		{FE23ED35-2687-4C6B-916E-FDEB69CA118E}.Debug|x86.Build.0 = Debug|Win32
		{FE23ED35-2687-4C6B-916E-FDEB69CA118E}.Release|x64.ActiveCfg = Release|x64
		{FE23ED35-2687-4C6B-916E-FDEB69CA118E}.Release|x64.Build.0 = Release|x64
		{FE23ED35-2687-4C6B-916E-FDEB69CA118E}.Release|x86.ActiveCfg = Release|Win32
		{FE23ED35-2687-4C6B-916E-FDEB69CA118E}.Release|x86.Build.0 = Release|Win32
	EndGlobalSection
	GlobalSection(SolutionProperties) = preSolution
		HideSolutionNode = FALSE
	EndGlobalSection
	GlobalSection(ExtensibilityGlobals) = postSolution
		SolutionGuid = {2B631981-C543-4180-8081-8123D2F4C5FA}
	EndGlobalSection
EndGlobal
